// !$*UTF8*$!
{
	archiveVersion = 1;
	classes = {
	};
	objectVersion = 50;
	objects = {

/* Begin PBXBuildFile section */
		2FCD7026843D8D077523FE66 /* Pods_KotlinMppIos.framework in Frameworks */ = {isa = PBXBuildFile; fileRef = C37EB7A324C64D31EF6852BC /* Pods_KotlinMppIos.framework */; };
		6F355F8B219D1113006F8D86 /* StoryDetailViewController.swift in Sources */ = {isa = PBXBuildFile; fileRef = 6F355F8A219D1113006F8D86 /* StoryDetailViewController.swift */; };
		6F5AC6D6219439BA00122875 /* AppDelegate.swift in Sources */ = {isa = PBXBuildFile; fileRef = 6F5AC6D5219439BA00122875 /* AppDelegate.swift */; };
		6F5AC6D8219439BA00122875 /* LatestStoryViewController.swift in Sources */ = {isa = PBXBuildFile; fileRef = 6F5AC6D7219439BA00122875 /* LatestStoryViewController.swift */; };
		6F5AC6DB219439BA00122875 /* Main.storyboard in Resources */ = {isa = PBXBuildFile; fileRef = 6F5AC6D9219439BA00122875 /* Main.storyboard */; };
		6F5AC6DD219439BC00122875 /* Assets.xcassets in Resources */ = {isa = PBXBuildFile; fileRef = 6F5AC6DC219439BC00122875 /* Assets.xcassets */; };
		6F5AC6E0219439BC00122875 /* LaunchScreen.storyboard in Resources */ = {isa = PBXBuildFile; fileRef = 6F5AC6DE219439BC00122875 /* LaunchScreen.storyboard */; };
		6F5AC6EB219439BC00122875 /* KotlinMppIosTests.swift in Sources */ = {isa = PBXBuildFile; fileRef = 6F5AC6EA219439BC00122875 /* KotlinMppIosTests.swift */; };
		6F5AC6F7219454CB00122875 /* SharedCode.framework in Frameworks */ = {isa = PBXBuildFile; fileRef = 6F5AC6F6219454CA00122875 /* SharedCode.framework */; };
		6F5AC6F8219454CB00122875 /* SharedCode.framework in Embed Frameworks */ = {isa = PBXBuildFile; fileRef = 6F5AC6F6219454CA00122875 /* SharedCode.framework */; settings = {ATTRIBUTES = (CodeSignOnCopy, RemoveHeadersOnCopy, ); }; };
/* End PBXBuildFile section */

/* Begin PBXContainerItemProxy section */
		6F5AC6E7219439BC00122875 /* PBXContainerItemProxy */ = {
			isa = PBXContainerItemProxy;
			containerPortal = 6F5AC6CA219439BA00122875 /* Project object */;
			proxyType = 1;
			remoteGlobalIDString = 6F5AC6D1219439BA00122875;
			remoteInfo = KotlinMppIos;
		};
/* End PBXContainerItemProxy section */

/* Begin PBXCopyFilesBuildPhase section */
		6F5AC6F9219454CB00122875 /* Embed Frameworks */ = {
			isa = PBXCopyFilesBuildPhase;
			buildActionMask = 2147483647;
			dstPath = "";
			dstSubfolderSpec = 10;
			files = (
				6F5AC6F8219454CB00122875 /* SharedCode.framework in Embed Frameworks */,
			);
			name = "Embed Frameworks";
			runOnlyForDeploymentPostprocessing = 0;
		};
/* End PBXCopyFilesBuildPhase section */

/* Begin PBXFileReference section */
		610726A5586486F7B1EF3061 /* Pods-KotlinMppIos.debug.xcconfig */ = {isa = PBXFileReference; includeInIndex = 1; lastKnownFileType = text.xcconfig; name = "Pods-KotlinMppIos.debug.xcconfig"; path = "Pods/Target Support Files/Pods-KotlinMppIos/Pods-KotlinMppIos.debug.xcconfig"; sourceTree = "<group>"; };
		6F355F8A219D1113006F8D86 /* StoryDetailViewController.swift */ = {isa = PBXFileReference; lastKnownFileType = sourcecode.swift; path = StoryDetailViewController.swift; sourceTree = "<group>"; };
		6F5AC6D2219439BA00122875 /* KotlinMppIos.app */ = {isa = PBXFileReference; explicitFileType = wrapper.application; includeInIndex = 0; path = KotlinMppIos.app; sourceTree = BUILT_PRODUCTS_DIR; };
		6F5AC6D5219439BA00122875 /* AppDelegate.swift */ = {isa = PBXFileReference; lastKnownFileType = sourcecode.swift; path = AppDelegate.swift; sourceTree = "<group>"; };
		6F5AC6D7219439BA00122875 /* LatestStoryViewController.swift */ = {isa = PBXFileReference; lastKnownFileType = sourcecode.swift; path = LatestStoryViewController.swift; sourceTree = "<group>"; };
		6F5AC6DA219439BA00122875 /* Base */ = {isa = PBXFileReference; lastKnownFileType = file.storyboard; name = Base; path = Base.lproj/Main.storyboard; sourceTree = "<group>"; };
		6F5AC6DC219439BC00122875 /* Assets.xcassets */ = {isa = PBXFileReference; lastKnownFileType = folder.assetcatalog; path = Assets.xcassets; sourceTree = "<group>"; };
		6F5AC6DF219439BC00122875 /* Base */ = {isa = PBXFileReference; lastKnownFileType = file.storyboard; name = Base; path = Base.lproj/LaunchScreen.storyboard; sourceTree = "<group>"; };
		6F5AC6E1219439BC00122875 /* Info.plist */ = {isa = PBXFileReference; lastKnownFileType = text.plist.xml; path = Info.plist; sourceTree = "<group>"; };
		6F5AC6E6219439BC00122875 /* KotlinMppIosTests.xctest */ = {isa = PBXFileReference; explicitFileType = wrapper.cfbundle; includeInIndex = 0; path = KotlinMppIosTests.xctest; sourceTree = BUILT_PRODUCTS_DIR; };
		6F5AC6EA219439BC00122875 /* KotlinMppIosTests.swift */ = {isa = PBXFileReference; lastKnownFileType = sourcecode.swift; path = KotlinMppIosTests.swift; sourceTree = "<group>"; };
		6F5AC6EC219439BC00122875 /* Info.plist */ = {isa = PBXFileReference; lastKnownFileType = text.plist.xml; path = Info.plist; sourceTree = "<group>"; };
		6F5AC6F6219454CA00122875 /* SharedCode.framework */ = {isa = PBXFileReference; lastKnownFileType = wrapper.framework; name = SharedCode.framework; path = "../SharedCode/build/xcode-frameworks/SharedCode.framework"; sourceTree = "<group>"; };
		9DC0C7B12C3A847C9053F9F0 /* Pods-KotlinMppIos.release.xcconfig */ = {isa = PBXFileReference; includeInIndex = 1; lastKnownFileType = text.xcconfig; name = "Pods-KotlinMppIos.release.xcconfig"; path = "Pods/Target Support Files/Pods-KotlinMppIos/Pods-KotlinMppIos.release.xcconfig"; sourceTree = "<group>"; };
		C37EB7A324C64D31EF6852BC /* Pods_KotlinMppIos.framework */ = {isa = PBXFileReference; explicitFileType = wrapper.framework; includeInIndex = 0; path = Pods_KotlinMppIos.framework; sourceTree = BUILT_PRODUCTS_DIR; };
/* End PBXFileReference section */

/* Begin PBXFrameworksBuildPhase section */
		6F5AC6CF219439BA00122875 /* Frameworks */ = {
			isa = PBXFrameworksBuildPhase;
			buildActionMask = 2147483647;
			files = (
				6F5AC6F7219454CB00122875 /* SharedCode.framework in Frameworks */,
				2FCD7026843D8D077523FE66 /* Pods_KotlinMppIos.framework in Frameworks */,
			);
			runOnlyForDeploymentPostprocessing = 0;
		};
		6F5AC6E3219439BC00122875 /* Frameworks */ = {
			isa = PBXFrameworksBuildPhase;
			buildActionMask = 2147483647;
			files = (
			);
			runOnlyForDeploymentPostprocessing = 0;
		};
/* End PBXFrameworksBuildPhase section */

/* Begin PBXGroup section */
		6F5AC6C9219439BA00122875 = {
			isa = PBXGroup;
			children = (
				6F5AC6F6219454CA00122875 /* SharedCode.framework */,
				6F5AC6D4219439BA00122875 /* KotlinMppIos */,
				6F5AC6E9219439BC00122875 /* KotlinMppIosTests */,
				6F5AC6D3219439BA00122875 /* Products */,
				A0714349FC19191365631E33 /* Pods */,
				E008640CE7720870340138A2 /* Frameworks */,
			);
			sourceTree = "<group>";
		};
		6F5AC6D3219439BA00122875 /* Products */ = {
			isa = PBXGroup;
			children = (
				6F5AC6D2219439BA00122875 /* KotlinMppIos.app */,
				6F5AC6E6219439BC00122875 /* KotlinMppIosTests.xctest */,
			);
			name = Products;
			sourceTree = "<group>";
		};
		6F5AC6D4219439BA00122875 /* KotlinMppIos */ = {
			isa = PBXGroup;
			children = (
				6F5AC6D5219439BA00122875 /* AppDelegate.swift */,
				6F5AC6D7219439BA00122875 /* LatestStoryViewController.swift */,
				6F5AC6D9219439BA00122875 /* Main.storyboard */,
				6F5AC6DC219439BC00122875 /* Assets.xcassets */,
				6F5AC6DE219439BC00122875 /* LaunchScreen.storyboard */,
				6F5AC6E1219439BC00122875 /* Info.plist */,
				6F355F8A219D1113006F8D86 /* StoryDetailViewController.swift */,
			);
			path = KotlinMppIos;
			sourceTree = "<group>";
		};
		6F5AC6E9219439BC00122875 /* KotlinMppIosTests */ = {
			isa = PBXGroup;
			children = (
				6F5AC6EA219439BC00122875 /* KotlinMppIosTests.swift */,
				6F5AC6EC219439BC00122875 /* Info.plist */,
			);
			path = KotlinMppIosTests;
			sourceTree = "<group>";
		};
		A0714349FC19191365631E33 /* Pods */ = {
			isa = PBXGroup;
			children = (
				610726A5586486F7B1EF3061 /* Pods-KotlinMppIos.debug.xcconfig */,
				9DC0C7B12C3A847C9053F9F0 /* Pods-KotlinMppIos.release.xcconfig */,
			);
			name = Pods;
			sourceTree = "<group>";
		};
		E008640CE7720870340138A2 /* Frameworks */ = {
			isa = PBXGroup;
			children = (
				C37EB7A324C64D31EF6852BC /* Pods_KotlinMppIos.framework */,
			);
			name = Frameworks;
			sourceTree = "<group>";
		};
/* End PBXGroup section */

/* Begin PBXNativeTarget section */
		6F5AC6D1219439BA00122875 /* KotlinMppIos */ = {
			isa = PBXNativeTarget;
			buildConfigurationList = 6F5AC6EF219439BC00122875 /* Build configuration list for PBXNativeTarget "KotlinMppIos" */;
			buildPhases = (
				A4272E3E5F623769CE5A0928 /* [CP] Check Pods Manifest.lock */,
				6F5AC6F52194540900122875 /* Compile Kotlin Framework */,
				6F5AC6CE219439BA00122875 /* Sources */,
				6F5AC6CF219439BA00122875 /* Frameworks */,
				6F5AC6D0219439BA00122875 /* Resources */,
				6F5AC6F9219454CB00122875 /* Embed Frameworks */,
				24740D4935304BEFF4C5CA72 /* [CP] Embed Pods Frameworks */,
			);
			buildRules = (
			);
			dependencies = (
			);
			name = KotlinMppIos;
			productName = KotlinMppIos;
			productReference = 6F5AC6D2219439BA00122875 /* KotlinMppIos.app */;
			productType = "com.apple.product-type.application";
		};
		6F5AC6E5219439BC00122875 /* KotlinMppIosTests */ = {
			isa = PBXNativeTarget;
			buildConfigurationList = 6F5AC6F2219439BC00122875 /* Build configuration list for PBXNativeTarget "KotlinMppIosTests" */;
			buildPhases = (
				6F5AC6E2219439BC00122875 /* Sources */,
				6F5AC6E3219439BC00122875 /* Frameworks */,
				6F5AC6E4219439BC00122875 /* Resources */,
			);
			buildRules = (
			);
			dependencies = (
				6F5AC6E8219439BC00122875 /* PBXTargetDependency */,
			);
			name = KotlinMppIosTests;
			productName = KotlinMppIosTests;
			productReference = 6F5AC6E6219439BC00122875 /* KotlinMppIosTests.xctest */;
			productType = "com.apple.product-type.bundle.unit-test";
		};
/* End PBXNativeTarget section */

/* Begin PBXProject section */
		6F5AC6CA219439BA00122875 /* Project object */ = {
			isa = PBXProject;
			attributes = {
				LastSwiftUpdateCheck = 1000;
				LastUpgradeCheck = 1000;
				ORGANIZATIONNAME = landerlyoung;
				TargetAttributes = {
					6F5AC6D1219439BA00122875 = {
						CreatedOnToolsVersion = 10.0;
					};
					6F5AC6E5219439BC00122875 = {
						CreatedOnToolsVersion = 10.0;
						TestTargetID = 6F5AC6D1219439BA00122875;
					};
				};
			};
			buildConfigurationList = 6F5AC6CD219439BA00122875 /* Build configuration list for PBXProject "KotlinMppIos" */;
			compatibilityVersion = "Xcode 9.3";
			developmentRegion = en;
			hasScannedForEncodings = 0;
			knownRegions = (
				en,
				Base,
			);
			mainGroup = 6F5AC6C9219439BA00122875;
			productRefGroup = 6F5AC6D3219439BA00122875 /* Products */;
			projectDirPath = "";
			projectRoot = "";
			targets = (
				6F5AC6D1219439BA00122875 /* KotlinMppIos */,
				6F5AC6E5219439BC00122875 /* KotlinMppIosTests */,
			);
		};
/* End PBXProject section */

/* Begin PBXResourcesBuildPhase section */
		6F5AC6D0219439BA00122875 /* Resources */ = {
			isa = PBXResourcesBuildPhase;
			buildActionMask = 2147483647;
			files = (
				6F5AC6E0219439BC00122875 /* LaunchScreen.storyboard in Resources */,
				6F5AC6DD219439BC00122875 /* Assets.xcassets in Resources */,
				6F5AC6DB219439BA00122875 /* Main.storyboard in Resources */,
			);
			runOnlyForDeploymentPostprocessing = 0;
		};
		6F5AC6E4219439BC00122875 /* Resources */ = {
			isa = PBXResourcesBuildPhase;
			buildActionMask = 2147483647;
			files = (
			);
			runOnlyForDeploymentPostprocessing = 0;
		};
/* End PBXResourcesBuildPhase section */

/* Begin PBXShellScriptBuildPhase section */
		24740D4935304BEFF4C5CA72 /* [CP] Embed Pods Frameworks */ = {
			isa = PBXShellScriptBuildPhase;
			buildActionMask = 2147483647;
			files = (
			);
			inputPaths = (
				"${PODS_ROOT}/Target Support Files/Pods-KotlinMppIos/Pods-KotlinMppIos-frameworks.sh",
				"${BUILT_PRODUCTS_DIR}/SDWebImage/SDWebImage.framework",
			);
			name = "[CP] Embed Pods Frameworks";
			outputPaths = (
				"${TARGET_BUILD_DIR}/${FRAMEWORKS_FOLDER_PATH}/SDWebImage.framework",
			);
			runOnlyForDeploymentPostprocessing = 0;
			shellPath = /bin/sh;
			shellScript = "\"${PODS_ROOT}/Target Support Files/Pods-KotlinMppIos/Pods-KotlinMppIos-frameworks.sh\"\n";
			showEnvVarsInLog = 0;
		};
		6F5AC6F52194540900122875 /* Compile Kotlin Framework */ = {
			isa = PBXShellScriptBuildPhase;
			buildActionMask = 2147483647;
			files = (
			);
			inputPaths = (
			);
			name = "Compile Kotlin Framework";
			outputPaths = (
			);
			runOnlyForDeploymentPostprocessing = 0;
			shellPath = /bin/sh;
			shellScript = "cd $SRCROOT/..\n./gradlew :SharedCode:packForXCode\n";
		};
		A4272E3E5F623769CE5A0928 /* [CP] Check Pods Manifest.lock */ = {
			isa = PBXShellScriptBuildPhase;
			buildActionMask = 2147483647;
			files = (
			);
			inputPaths = (
				"${PODS_PODFILE_DIR_PATH}/Podfile.lock",
				"${PODS_ROOT}/Manifest.lock",
			);
			name = "[CP] Check Pods Manifest.lock";
			outputPaths = (
				"$(DERIVED_FILE_DIR)/Pods-KotlinMppIos-checkManifestLockResult.txt",
			);
			runOnlyForDeploymentPostprocessing = 0;
			shellPath = /bin/sh;
			shellScript = "diff \"${PODS_PODFILE_DIR_PATH}/Podfile.lock\" \"${PODS_ROOT}/Manifest.lock\" > /dev/null\nif [ $? != 0 ] ; then\n    # print error to STDERR\n    echo \"error: The sandbox is not in sync with the Podfile.lock. Run 'pod install' or update your CocoaPods installation.\" >&2\n    exit 1\nfi\n# This output is used by Xcode 'outputs' to avoid re-running this script phase.\necho \"SUCCESS\" > \"${SCRIPT_OUTPUT_FILE_0}\"\n";
			showEnvVarsInLog = 0;
		};
/* End PBXShellScriptBuildPhase section */

/* Begin PBXSourcesBuildPhase section */
		6F5AC6CE219439BA00122875 /* Sources */ = {
			isa = PBXSourcesBuildPhase;
			buildActionMask = 2147483647;
			files = (
				6F355F8B219D1113006F8D86 /* StoryDetailViewController.swift in Sources */,
				6F5AC6D8219439BA00122875 /* LatestStoryViewController.swift in Sources */,
				6F5AC6D6219439BA00122875 /* AppDelegate.swift in Sources */,
			);
			runOnlyForDeploymentPostprocessing = 0;
		};
		6F5AC6E2219439BC00122875 /* Sources */ = {
			isa = PBXSourcesBuildPhase;
			buildActionMask = 2147483647;
			files = (
				6F5AC6EB219439BC00122875 /* KotlinMppIosTests.swift in Sources */,
			);
			runOnlyForDeploymentPostprocessing = 0;
		};
/* End PBXSourcesBuildPhase section */

/* Begin PBXTargetDependency section */
		6F5AC6E8219439BC00122875 /* PBXTargetDependency */ = {
			isa = PBXTargetDependency;
			target = 6F5AC6D1219439BA00122875 /* KotlinMppIos */;
			targetProxy = 6F5AC6E7219439BC00122875 /* PBXContainerItemProxy */;
		};
/* End PBXTargetDependency section */

/* Begin PBXVariantGroup section */
		6F5AC6D9219439BA00122875 /* Main.storyboard */ = {
			isa = PBXVariantGroup;
			children = (
				6F5AC6DA219439BA00122875 /* Base */,
			);
			name = Main.storyboard;
			sourceTree = "<group>";
		};
		6F5AC6DE219439BC00122875 /* LaunchScreen.storyboard */ = {
			isa = PBXVariantGroup;
			children = (
				6F5AC6DF219439BC00122875 /* Base */,
			);
			name = LaunchScreen.storyboard;
			sourceTree = "<group>";
		};
/* End PBXVariantGroup section */

/* Begin XCBuildConfiguration section */
		6F5AC6ED219439BC00122875 /* Debug */ = {
			isa = XCBuildConfiguration;
			buildSettings = {
				ALWAYS_SEARCH_USER_PATHS = NO;
				CLANG_ANALYZER_NONNULL = YES;
				CLANG_ANALYZER_NUMBER_OBJECT_CONVERSION = YES_AGGRESSIVE;
				CLANG_CXX_LANGUAGE_STANDARD = "gnu++14";
				CLANG_CXX_LIBRARY = "libc++";
				CLANG_ENABLE_MODULES = YES;
				CLANG_ENABLE_OBJC_ARC = YES;
				CLANG_ENABLE_OBJC_WEAK = YES;
				CLANG_WARN_BLOCK_CAPTURE_AUTORELEASING = YES;
				CLANG_WARN_BOOL_CONVERSION = YES;
				CLANG_WARN_COMMA = YES;
				CLANG_WARN_CONSTANT_CONVERSION = YES;
				CLANG_WARN_DEPRECATED_OBJC_IMPLEMENTATIONS = YES;
				CLANG_WARN_DIRECT_OBJC_ISA_USAGE = YES_ERROR;
				CLANG_WARN_DOCUMENTATION_COMMENTS = YES;
				CLANG_WARN_EMPTY_BODY = YES;
				CLANG_WARN_ENUM_CONVERSION = YES;
				CLANG_WARN_INFINITE_RECURSION = YES;
				CLANG_WARN_INT_CONVERSION = YES;
				CLANG_WARN_NON_LITERAL_NULL_CONVERSION = YES;
				CLANG_WARN_OBJC_IMPLICIT_RETAIN_SELF = YES;
				CLANG_WARN_OBJC_LITERAL_CONVERSION = YES;
				CLANG_WARN_OBJC_ROOT_CLASS = YES_ERROR;
				CLANG_WARN_RANGE_LOOP_ANALYSIS = YES;
				CLANG_WARN_STRICT_PROTOTYPES = YES;
				CLANG_WARN_SUSPICIOUS_MOVE = YES;
				CLANG_WARN_UNGUARDED_AVAILABILITY = YES_AGGRESSIVE;
				CLANG_WARN_UNREACHABLE_CODE = YES;
				CLANG_WARN__DUPLICATE_METHOD_MATCH = YES;
				CODE_SIGN_IDENTITY = "iPhone Developer";
				COPY_PHASE_STRIP = NO;
				DEBUG_INFORMATION_FORMAT = dwarf;
				ENABLE_STRICT_OBJC_MSGSEND = YES;
				ENABLE_TESTABILITY = YES;
				GCC_C_LANGUAGE_STANDARD = gnu11;
				GCC_DYNAMIC_NO_PIC = NO;
				GCC_NO_COMMON_BLOCKS = YES;
				GCC_OPTIMIZATION_LEVEL = 0;
				GCC_PREPROCESSOR_DEFINITIONS = (
					"DEBUG=1",
					"$(inherited)",
				);
				GCC_WARN_64_TO_32_BIT_CONVERSION = YES;
				GCC_WARN_ABOUT_RETURN_TYPE = YES_ERROR;
				GCC_WARN_UNDECLARED_SELECTOR = YES;
				GCC_WARN_UNINITIALIZED_AUTOS = YES_AGGRESSIVE;
				GCC_WARN_UNUSED_FUNCTION = YES;
				GCC_WARN_UNUSED_VARIABLE = YES;
				IPHONEOS_DEPLOYMENT_TARGET = 12.0;
				MTL_ENABLE_DEBUG_INFO = INCLUDE_SOURCE;
				MTL_FAST_MATH = YES;
				ONLY_ACTIVE_ARCH = YES;
				SDKROOT = iphoneos;
				SWIFT_ACTIVE_COMPILATION_CONDITIONS = DEBUG;
				SWIFT_OPTIMIZATION_LEVEL = "-Onone";
			};
			name = Debug;
		};
		6F5AC6EE219439BC00122875 /* Release */ = {
			isa = XCBuildConfiguration;
			buildSettings = {
				ALWAYS_SEARCH_USER_PATHS = NO;
				CLANG_ANALYZER_NONNULL = YES;
				CLANG_ANALYZER_NUMBER_OBJECT_CONVERSION = YES_AGGRESSIVE;
				CLANG_CXX_LANGUAGE_STANDARD = "gnu++14";
				CLANG_CXX_LIBRARY = "libc++";
				CLANG_ENABLE_MODULES = YES;
				CLANG_ENABLE_OBJC_ARC = YES;
				CLANG_ENABLE_OBJC_WEAK = YES;
				CLANG_WARN_BLOCK_CAPTURE_AUTORELEASING = YES;
				CLANG_WARN_BOOL_CONVERSION = YES;
				CLANG_WARN_COMMA = YES;
				CLANG_WARN_CONSTANT_CONVERSION = YES;
				CLANG_WARN_DEPRECATED_OBJC_IMPLEMENTATIONS = YES;
				CLANG_WARN_DIRECT_OBJC_ISA_USAGE = YES_ERROR;
				CLANG_WARN_DOCUMENTATION_COMMENTS = YES;
				CLANG_WARN_EMPTY_BODY = YES;
				CLANG_WARN_ENUM_CONVERSION = YES;
				CLANG_WARN_INFINITE_RECURSION = YES;
				CLANG_WARN_INT_CONVERSION = YES;
				CLANG_WARN_NON_LITERAL_NULL_CONVERSION = YES;
				CLANG_WARN_OBJC_IMPLICIT_RETAIN_SELF = YES;
				CLANG_WARN_OBJC_LITERAL_CONVERSION = YES;
				CLANG_WARN_OBJC_ROOT_CLASS = YES_ERROR;
				CLANG_WARN_RANGE_LOOP_ANALYSIS = YES;
				CLANG_WARN_STRICT_PROTOTYPES = YES;
				CLANG_WARN_SUSPICIOUS_MOVE = YES;
				CLANG_WARN_UNGUARDED_AVAILABILITY = YES_AGGRESSIVE;
				CLANG_WARN_UNREACHABLE_CODE = YES;
				CLANG_WARN__DUPLICATE_METHOD_MATCH = YES;
				CODE_SIGN_IDENTITY = "iPhone Developer";
				COPY_PHASE_STRIP = NO;
				DEBUG_INFORMATION_FORMAT = "dwarf-with-dsym";
				ENABLE_NS_ASSERTIONS = NO;
				ENABLE_STRICT_OBJC_MSGSEND = YES;
				GCC_C_LANGUAGE_STANDARD = gnu11;
				GCC_NO_COMMON_BLOCKS = YES;
				GCC_WARN_64_TO_32_BIT_CONVERSION = YES;
				GCC_WARN_ABOUT_RETURN_TYPE = YES_ERROR;
				GCC_WARN_UNDECLARED_SELECTOR = YES;
				GCC_WARN_UNINITIALIZED_AUTOS = YES_AGGRESSIVE;
				GCC_WARN_UNUSED_FUNCTION = YES;
				GCC_WARN_UNUSED_VARIABLE = YES;
				IPHONEOS_DEPLOYMENT_TARGET = 12.0;
				MTL_ENABLE_DEBUG_INFO = NO;
				MTL_FAST_MATH = YES;
				SDKROOT = iphoneos;
				SWIFT_COMPILATION_MODE = wholemodule;
				SWIFT_OPTIMIZATION_LEVEL = "-O";
				VALIDATE_PRODUCT = YES;
			};
			name = Release;
		};
		6F5AC6F0219439BC00122875 /* Debug */ = {
			isa = XCBuildConfiguration;
			baseConfigurationReference = 610726A5586486F7B1EF3061 /* Pods-KotlinMppIos.debug.xcconfig */;
			buildSettings = {
				ASSETCATALOG_COMPILER_APPICON_NAME = AppIcon;
				CODE_SIGN_STYLE = Automatic;
				ENABLE_BITCODE = NO;
				FRAMEWORK_SEARCH_PATHS = (
					"$(inherited)",
					"$(SRCROOT)/../SharedCode/build/xcode-frameworks",
					"\"${PODS_CONFIGURATION_BUILD_DIR}/SDWebImage\"",
				);
				INFOPLIST_FILE = KotlinMppIos/Info.plist;
				LD_RUNPATH_SEARCH_PATHS = (
					"$(inherited)",
					"@executable_path/Frameworks",
				);
				PRODUCT_BUNDLE_IDENTIFIER = io.github.landerlyoung.KotlinMppIos;
				PRODUCT_NAME = "$(TARGET_NAME)";
				SWIFT_VERSION = 4.2;
				TARGETED_DEVICE_FAMILY = "1,2";
			};
			name = Debug;
		};
		6F5AC6F1219439BC00122875 /* Release */ = {
			isa = XCBuildConfiguration;
			baseConfigurationReference = 9DC0C7B12C3A847C9053F9F0 /* Pods-KotlinMppIos.release.xcconfig */;
			buildSettings = {
				ASSETCATALOG_COMPILER_APPICON_NAME = AppIcon;
				CODE_SIGN_STYLE = Automatic;
				ENABLE_BITCODE = NO;
				FRAMEWORK_SEARCH_PATHS = (
					"$(inherited)",
					"$(SRCROOT)/../SharedCode/build/xcode-frameworks",
					"\"${PODS_CONFIGURATION_BUILD_DIR}/SDWebImage\"",
				);
				INFOPLIST_FILE = KotlinMppIos/Info.plist;
				LD_RUNPATH_SEARCH_PATHS = (
					"$(inherited)",
					"@executable_path/Frameworks",
				);
				PRODUCT_BUNDLE_IDENTIFIER = io.github.landerlyoung.KotlinMppIos;
				PRODUCT_NAME = "$(TARGET_NAME)";
				SWIFT_VERSION = 4.2;
				TARGETED_DEVICE_FAMILY = "1,2";
			};
			name = Release;
		};
		6F5AC6F3219439BC00122875 /* Debug */ = {
			isa = XCBuildConfiguration;
			buildSettings = {
				ALWAYS_EMBED_SWIFT_STANDARD_LIBRARIES = YES;
				BUNDLE_LOADER = "$(TEST_HOST)";
				CODE_SIGN_STYLE = Automatic;
				INFOPLIST_FILE = KotlinMppIosTests/Info.plist;
				LD_RUNPATH_SEARCH_PATHS = (
					"$(inherited)",
					"@executable_path/Frameworks",
					"@loader_path/Frameworks",
				);
				PRODUCT_BUNDLE_IDENTIFIER = io.github.landerlyoung.KotlinMppIosTests;
				PRODUCT_NAME = "$(TARGET_NAME)";
				SWIFT_VERSION = 4.2;
				TARGETED_DEVICE_FAMILY = "1,2";
				TEST_HOST = "$(BUILT_PRODUCTS_DIR)/KotlinMppIos.app/KotlinMppIos";
			};
			name = Debug;
		};
		6F5AC6F4219439BC00122875 /* Release */ = {
			isa = XCBuildConfiguration;
			buildSettings = {
				ALWAYS_EMBED_SWIFT_STANDARD_LIBRARIES = YES;
				BUNDLE_LOADER = "$(TEST_HOST)";
				CODE_SIGN_STYLE = Automatic;
				INFOPLIST_FILE = KotlinMppIosTests/Info.plist;
				LD_RUNPATH_SEARCH_PATHS = (
					"$(inherited)",
					"@executable_path/Frameworks",
					"@loader_path/Frameworks",
				);
				PRODUCT_BUNDLE_IDENTIFIER = io.github.landerlyoung.KotlinMppIosTests;
				PRODUCT_NAME = "$(TARGET_NAME)";
				SWIFT_VERSION = 4.2;
				TARGETED_DEVICE_FAMILY = "1,2";
				TEST_HOST = "$(BUILT_PRODUCTS_DIR)/KotlinMppIos.app/KotlinMppIos";
			};
			name = Release;
		};
/* End XCBuildConfiguration section */

/* Begin XCConfigurationList section */
		6F5AC6CD219439BA00122875 /* Build configuration list for PBXProject "KotlinMppIos" */ = {
			isa = XCConfigurationList;
			buildConfigurations = (
				6F5AC6ED219439BC00122875 /* Debug */,
				6F5AC6EE219439BC00122875 /* Release */,
			);
			defaultConfigurationIsVisible = 0;
			defaultConfigurationName = Release;
		};
		6F5AC6EF219439BC00122875 /* Build configuration list for PBXNativeTarget "KotlinMppIos" */ = {
			isa = XCConfigurationList;
			buildConfigurations = (
				6F5AC6F0219439BC00122875 /* Debug */,
				6F5AC6F1219439BC00122875 /* Release */,
			);
			defaultConfigurationIsVisible = 0;
			defaultConfigurationName = Release;
		};
		6F5AC6F2219439BC00122875 /* Build configuration list for PBXNativeTarget "KotlinMppIosTests" */ = {
			isa = XCConfigurationList;
			buildConfigurations = (
				6F5AC6F3219439BC00122875 /* Debug */,
				6F5AC6F4219439BC00122875 /* Release */,
			);
			defaultConfigurationIsVisible = 0;
			defaultConfigurationName = Release;
		};
/* End XCConfigurationList section */
	};
	rootObject = 6F5AC6CA219439BA00122875 /* Project object */;
}
